// !$*UTF8*$!
{
	archiveVersion = 1;
	classes = {
	};
	objectVersion = 77;
	objects = {

/* Begin PBXBuildFile section */
		1C03BFE72F75D1A600520C5D /* WidgetKit.framework in Frameworks */ = {isa = PBXBuildFile; fileRef = 1C03BFE62F75D1A600520C5D /* WidgetKit.framework */; };
		1C03BFE92F75D1A600520C5D /* SwiftUI.framework in Frameworks */ = {isa = PBXBuildFile; fileRef = 1C03BFE82F75D1A600520C5D /* SwiftUI.framework */; };
		1C03C0022F77000100520C5D /* StreetSkateWidgetExtensionExtension.appex in Embed Foundation Extensions */ = {isa = PBXBuildFile; fileRef = 1CE9CE3D2F7716F4005900EE /* StreetSkateWidgetExtensionExtension.appex */; settings = {ATTRIBUTES = (RemoveHeadersOnCopy, ); }; };
		1CDEBECC2F648528000C2DE1 /* SkateApp.swift in Sources */ = {isa = PBXBuildFile; fileRef = 1CDEBEB92F648528000C2DE1 /* SkateApp.swift */; };
		1CDEBFFD2F648EB3000C2DE1 /* Assets.xcassets in Resources */ = {isa = PBXBuildFile; fileRef = 1CDEBFFC2F648EB3000C2DE1 /* Assets.xcassets */; };
/* End PBXBuildFile section */

/* Begin PBXContainerItemProxy section */
		1C03BFF62F75D1A700520C5D /* PBXContainerItemProxy */ = {
			isa = PBXContainerItemProxy;
			containerPortal = 1CDEBE1C2F647C03000C2DE1 /* Project object */;
			proxyType = 1;
			remoteGlobalIDString = 1C03BFE32F75D1A600520C5D;
			remoteInfo = StreetSkateWidgetExtensionExtension;
		};
/* End PBXContainerItemProxy section */

/* Begin PBXCopyFilesBuildPhase section */
		1C03BFFD2F75D1A700520C5D /* Embed Foundation Extensions */ = {
			isa = PBXCopyFilesBuildPhase;
			buildActionMask = 2147483647;
			dstPath = "";
			dstSubfolderSpec = 13;
			files = (
				1C03C0022F77000100520C5D /* StreetSkateWidgetExtensionExtension.appex in Embed Foundation Extensions */,
			);
			name = "Embed Foundation Extensions";
			runOnlyForDeploymentPostprocessing = 0;
		};
/* End PBXCopyFilesBuildPhase section */

/* Begin PBXFileReference section */
		1C03BFE62F75D1A600520C5D /* WidgetKit.framework */ = {isa = PBXFileReference; lastKnownFileType = wrapper.framework; name = WidgetKit.framework; path = System/Library/Frameworks/WidgetKit.framework; sourceTree = SDKROOT; };
		1C03BFE82F75D1A600520C5D /* SwiftUI.framework */ = {isa = PBXFileReference; lastKnownFileType = wrapper.framework; name = SwiftUI.framework; path = System/Library/Frameworks/SwiftUI.framework; sourceTree = SDKROOT; };
		1CDEBEB82F648528000C2DE1 /* SkateApDebug.entitlements */ = {isa = PBXFileReference; lastKnownFileType = text.plist.entitlements; path = SkateApDebug.entitlements; sourceTree = "<group>"; };
		1CDEBEB92F648528000C2DE1 /* SkateApp.swift */ = {isa = PBXFileReference; lastKnownFileType = sourcecode.swift; path = SkateApp.swift; sourceTree = "<group>"; };
		1CDEBFFB2F648EB3000C2DE1 /* SkateAppp.app */ = {isa = PBXFileReference; explicitFileType = wrapper.application; includeInIndex = 0; path = SkateAppp.app; sourceTree = BUILT_PRODUCTS_DIR; };
		1CDEBFFC2F648EB3000C2DE1 /* Assets.xcassets */ = {isa = PBXFileReference; lastKnownFileType = folder.assetcatalog; path = Assets.xcassets; sourceTree = "<group>"; };
		1CDEC0342F6490E4000C2DE1 /* SkateAppp-Info.plist */ = {isa = PBXFileReference; lastKnownFileType = text.plist.xml; path = "SkateAppp-Info.plist"; sourceTree = "<group>"; };
		1CE9CE3D2F7716F4005900EE /* StreetSkateWidgetExtensionExtension.appex */ = {isa = PBXFileReference; explicitFileType = "wrapper.app-extension"; includeInIndex = 0; path = StreetSkateWidgetExtensionExtension.appex; sourceTree = BUILT_PRODUCTS_DIR; };
/* End PBXFileReference section */

/* Begin PBXFileSystemSynchronizedBuildFileExceptionSet section */
		1C03C0012F77000000520C5D /* Exceptions for "StreetSkateWidgetExtension" folder in "StreetSkateWidgetExtensionExtension" target */ = {
			isa = PBXFileSystemSynchronizedBuildFileExceptionSet;
			membershipExceptions = (
				Info.plist,
				README_WIDGET_SETUP.md,
				StreetSkateWidgetExtensionExtension.appex,
			);
			target = 1C03BFE32F75D1A600520C5D /* StreetSkateWidgetExtensionExtension */;
		};
/* End PBXFileSystemSynchronizedBuildFileExceptionSet section */

/* Begin PBXFileSystemSynchronizedRootGroup section */
		1C03BFEA2F75D1A600520C5D /* StreetSkateWidgetExtension */ = {
			isa = PBXFileSystemSynchronizedRootGroup;
			exceptions = (
				1C03C0012F77000000520C5D /* Exceptions for "StreetSkateWidgetExtension" folder in "StreetSkateWidgetExtensionExtension" target */,
			);
			path = StreetSkateWidgetExtension;
			sourceTree = "<group>";
		};
		1CDEBE9E2F648528000C2DE1 /* Models */ = {
			isa = PBXFileSystemSynchronizedRootGroup;
			path = Models;
			sourceTree = "<group>";
		};
		1CDEBE9F2F648528000C2DE1 /* Services */ = {
			isa = PBXFileSystemSynchronizedRootGroup;
			path = Services;
			sourceTree = "<group>";
		};
		1CDEBEA12F648528000C2DE1 /* ViewModels */ = {
			isa = PBXFileSystemSynchronizedRootGroup;
			path = ViewModels;
			sourceTree = "<group>";
		};
		1CDEBEB42F648528000C2DE1 /* Views */ = {
			isa = PBXFileSystemSynchronizedRootGroup;
			path = Views;
			sourceTree = "<group>";
		};
		1CDEBEDD2F6488A4000C2DE1 /* Resources */ = {
			isa = PBXFileSystemSynchronizedRootGroup;
			path = Resources;
			sourceTree = "<group>";
		};
/* End PBXFileSystemSynchronizedRootGroup section */

/* Begin PBXFrameworksBuildPhase section */
		1C03BFE12F75D1A600520C5D /* Frameworks */ = {
			isa = PBXFrameworksBuildPhase;
			buildActionMask = 2147483647;
			files = (
				1C03BFE92F75D1A600520C5D /* SwiftUI.framework in Frameworks */,
				1C03BFE72F75D1A600520C5D /* WidgetKit.framework in Frameworks */,
			);
			runOnlyForDeploymentPostprocessing = 0;
		};
		1CDEBE212F647C03000C2DE1 /* Frameworks */ = {
			isa = PBXFrameworksBuildPhase;
			buildActionMask = 2147483647;
			files = (
			);
			runOnlyForDeploymentPostprocessing = 0;
		};
/* End PBXFrameworksBuildPhase section */

/* Begin PBXGroup section */
		1C03BFE52F75D1A600520C5D /* Frameworks */ = {
			isa = PBXGroup;
			children = (
				1C03BFE62F75D1A600520C5D /* WidgetKit.framework */,
				1C03BFE82F75D1A600520C5D /* SwiftUI.framework */,
			);
			name = Frameworks;
			sourceTree = "<group>";
		};
		1CDEBE1B2F647C03000C2DE1 = {
			isa = PBXGroup;
			children = (
				1CDEBEDD2F6488A4000C2DE1 /* Resources */,
				1CDEBE9E2F648528000C2DE1 /* Models */,
				1CDEBE9F2F648528000C2DE1 /* Services */,
				1CDEBEA12F648528000C2DE1 /* ViewModels */,
				1CDEBEB42F648528000C2DE1 /* Views */,
				1CDEBEB92F648528000C2DE1 /* SkateApp.swift */,
				1CDEC03E2F64AFC5000C2DE1 /* Utilities */,
				1CDEBFFC2F648EB3000C2DE1 /* Assets.xcassets */,
				1CDEC0342F6490E4000C2DE1 /* SkateAppp-Info.plist */,
				1C03BFEA2F75D1A600520C5D /* StreetSkateWidgetExtension */,
				1C03BFE52F75D1A600520C5D /* Frameworks */,
				1CE9CE3D2F7716F4005900EE /* StreetSkateWidgetExtensionExtension.appex */,
			);
			sourceTree = "<group>";
		};
		1CDEC03E2F64AFC5000C2DE1 /* Utilities */ = {
			isa = PBXGroup;
			children = (
				1CDEBEB82F648528000C2DE1 /* SkateApDebug.entitlements */,
				1CDEBFFB2F648EB3000C2DE1 /* SkateAppp.app */,
			);
			path = Utilities;
			sourceTree = "<group>";
		};
/* End PBXGroup section */

/* Begin PBXNativeTarget section */
		1C03BFE32F75D1A600520C5D /* StreetSkateWidgetExtensionExtension */ = {
			isa = PBXNativeTarget;
			buildConfigurationList = 1C03BFFA2F75D1A700520C5D /* Build configuration list for PBXNativeTarget "StreetSkateWidgetExtensionExtension" */;
			buildPhases = (
				1C03BFE02F75D1A600520C5D /* Sources */,
				1C03BFE12F75D1A600520C5D /* Frameworks */,
				1C03BFE22F75D1A600520C5D /* Resources */,
			);
			buildRules = (
			);
			dependencies = (
			);
			fileSystemSynchronizedGroups = (
				1C03BFEA2F75D1A600520C5D /* StreetSkateWidgetExtension */,
			);
			name = StreetSkateWidgetExtensionExtension;
			packageProductDependencies = (
			);
			productName = StreetSkateWidgetExtensionExtension;
			productReference = 1CE9CE3D2F7716F4005900EE /* StreetSkateWidgetExtensionExtension.appex */;
			productType = "com.apple.product-type.app-extension";
		};
		1CDEBE232F647C03000C2DE1 /* SkateAppp */ = {
			isa = PBXNativeTarget;
			buildConfigurationList = 1CDEBE2F2F647C03000C2DE1 /* Build configuration list for PBXNativeTarget "SkateAppp" */;
			buildPhases = (
				1CDEBE202F647C03000C2DE1 /* Sources */,
				1CDEBE212F647C03000C2DE1 /* Frameworks */,
				1CDEBE222F647C03000C2DE1 /* Resources */,
				1C03BFFD2F75D1A700520C5D /* Embed Foundation Extensions */,
			);
			buildRules = (
			);
			dependencies = (
				1C03BFF72F75D1A700520C5D /* PBXTargetDependency */,
			);
			fileSystemSynchronizedGroups = (
				1CDEBE9E2F648528000C2DE1 /* Models */,
				1CDEBE9F2F648528000C2DE1 /* Services */,
				1CDEBEA12F648528000C2DE1 /* ViewModels */,
				1CDEBEB42F648528000C2DE1 /* Views */,
				1CDEBEDD2F6488A4000C2DE1 /* Resources */,
			);
			name = SkateAppp;
			packageProductDependencies = (
			);
			productName = SkateAppp;
			productReference = 1CDEBFFB2F648EB3000C2DE1 /* SkateAppp.app */;
			productType = "com.apple.product-type.application";
		};
/* End PBXNativeTarget section */

/* Begin PBXProject section */
		1CDEBE1C2F647C03000C2DE1 /* Project object */ = {
			isa = PBXProject;
			attributes = {
				BuildIndependentTargetsInParallel = 1;
				LastSwiftUpdateCheck = 2620;
				LastUpgradeCheck = 2620;
				TargetAttributes = {
					1C03BFE32F75D1A600520C5D = {
						CreatedOnToolsVersion = 26.2;
					};
					1CDEBE232F647C03000C2DE1 = {
						CreatedOnToolsVersion = 26.1;
					};
				};
			};
			buildConfigurationList = 1CDEBE1F2F647C03000C2DE1 /* Build configuration list for PBXProject "StreetSkate" */;
			developmentRegion = en;
			hasScannedForEncodings = 0;
			knownRegions = (
				en,
				Base,
				"pt-BR",
			);
			mainGroup = 1CDEBE1B2F647C03000C2DE1;
			minimizedProjectReferenceProxies = 1;
			preferredProjectObjectVersion = 77;
			productRefGroup = 1CDEBE1B2F647C03000C2DE1;
			projectDirPath = "";
			projectRoot = "";
			targets = (
				1CDEBE232F647C03000C2DE1 /* SkateAppp */,
				1C03BFE32F75D1A600520C5D /* StreetSkateWidgetExtensionExtension */,
			);
		};
/* End PBXProject section */

/* Begin PBXResourcesBuildPhase section */
		1C03BFE22F75D1A600520C5D /* Resources */ = {
			isa = PBXResourcesBuildPhase;
			buildActionMask = 2147483647;
			files = (
			);
			runOnlyForDeploymentPostprocessing = 0;
		};
		1CDEBE222F647C03000C2DE1 /* Resources */ = {
			isa = PBXResourcesBuildPhase;
			buildActionMask = 2147483647;
			files = (
				1CDEBFFD2F648EB3000C2DE1 /* Assets.xcassets in Resources */,
			);
			runOnlyForDeploymentPostprocessing = 0;
		};
/* End PBXResourcesBuildPhase section */

/* Begin PBXSourcesBuildPhase section */
		1C03BFE02F75D1A600520C5D /* Sources */ = {
			isa = PBXSourcesBuildPhase;
			buildActionMask = 2147483647;
			files = (
			);
			runOnlyForDeploymentPostprocessing = 0;
		};
		1CDEBE202F647C03000C2DE1 /* Sources */ = {
			isa = PBXSourcesBuildPhase;
			buildActionMask = 2147483647;
			files = (
				1CDEBECC2F648528000C2DE1 /* SkateApp.swift in Sources */,
			);
			runOnlyForDeploymentPostprocessing = 0;
		};
/* End PBXSourcesBuildPhase section */

/* Begin PBXTargetDependency section */
		1C03BFF72F75D1A700520C5D /* PBXTargetDependency */ = {
			isa = PBXTargetDependency;
			target = 1C03BFE32F75D1A600520C5D /* StreetSkateWidgetExtensionExtension */;
			targetProxy = 1C03BFF62F75D1A700520C5D /* PBXContainerItemProxy */;
		};
/* End PBXTargetDependency section */

/* Begin XCBuildConfiguration section */
		1C03BFFB2F75D1A700520C5D /* Debug */ = {
			isa = XCBuildConfiguration;
			buildSettings = {
				ASSETCATALOG_COMPILER_GLOBAL_ACCENT_COLOR_NAME = AccentColor;
				ASSETCATALOG_COMPILER_WIDGET_BACKGROUND_COLOR_NAME = WidgetBackground;
				CODE_SIGN_ENTITLEMENTS = Utilities/SkateApDebug.entitlements;
				CODE_SIGN_IDENTITY = "Apple Development";
				"CODE_SIGN_IDENTITY[sdk=macosx*]" = "Apple Development";
				CODE_SIGN_STYLE = Automatic;
				CURRENT_PROJECT_VERSION = 1;
				DEVELOPMENT_TEAM = 67AYPRFZH8;
				DONT_GENERATE_INFOPLIST_FILE = NO;
				GENERATE_INFOPLIST_FILE = YES;
				INFOPLIST_FILE = StreetSkateWidgetExtension/Info.plist;
				INFOPLIST_KEY_CFBundleDisplayName = StreetSkateWidgetExtension;
				INFOPLIST_KEY_NSHealthClinicalHealthRecordsShareUsageDescription = "";
				INFOPLIST_KEY_NSHealthShareUsageDescription = "";
				INFOPLIST_KEY_NSHealthUpdateUsageDescription = "";
				INFOPLIST_KEY_NSHumanReadableCopyright = "";
				INFOPLIST_KEY_NSSupportsLiveActivities = YES;
				INFOPLIST_OUTPUT_FORMAT = "same-as-input";
				IPHONEOS_DEPLOYMENT_TARGET = 26.2;
				LD_RUNPATH_SEARCH_PATHS = (
					"$(inherited)",
					"@executable_path/Frameworks",
					"@executable_path/../../Frameworks",
				);
				MARKETING_VERSION = 1.0;
				PRODUCT_BUNDLE_IDENTIFIER = "br.puc-rio.ecoa.lorran.streetskate.StreetSkateWidgetExtension";
				PRODUCT_NAME = "$(TARGET_NAME)";
				SDKROOT = iphoneos;
				SKIP_INSTALL = YES;
				STRING_CATALOG_GENERATE_SYMBOLS = YES;
				SWIFT_APPROACHABLE_CONCURRENCY = YES;
				SWIFT_EMIT_LOC_STRINGS = YES;
				SWIFT_UPCOMING_FEATURE_MEMBER_IMPORT_VISIBILITY = YES;
				SWIFT_VERSION = 5.0;
				TARGETED_DEVICE_FAMILY = "1,2";
			};
			name = Debug;
		};
		1C03BFFC2F75D1A700520C5D /* Release */ = {
			isa = XCBuildConfiguration;
			buildSettings = {
				ASSETCATALOG_COMPILER_GLOBAL_ACCENT_COLOR_NAME = AccentColor;
				ASSETCATALOG_COMPILER_WIDGET_BACKGROUND_COLOR_NAME = WidgetBackground;
				CODE_SIGN_STYLE = Automatic;
				CURRENT_PROJECT_VERSION = 1;
				DEVELOPMENT_TEAM = 67AYPRFZH8;
				DONT_GENERATE_INFOPLIST_FILE = NO;
				GENERATE_INFOPLIST_FILE = YES;
				INFOPLIST_FILE = StreetSkateWidgetExtension/Info.plist;
				INFOPLIST_KEY_CFBundleDisplayName = StreetSkateWidgetExtension;
				INFOPLIST_KEY_NSHealthClinicalHealthRecordsShareUsageDescription = "";
				INFOPLIST_KEY_NSHealthShareUsageDescription = "";
				INFOPLIST_KEY_NSHealthUpdateUsageDescription = "";
				INFOPLIST_KEY_NSHumanReadableCopyright = "";
				INFOPLIST_KEY_NSSupportsLiveActivities = YES;
				INFOPLIST_OUTPUT_FORMAT = "same-as-input";
				IPHONEOS_DEPLOYMENT_TARGET = 26.2;
				LD_RUNPATH_SEARCH_PATHS = (
					"$(inherited)",
					"@executable_path/Frameworks",
					"@executable_path/../../Frameworks",
				);
				MARKETING_VERSION = 1.0;
				PRODUCT_BUNDLE_IDENTIFIER = "br.puc-rio.ecoa.lorran.streetskate.StreetSkateWidgetExtension";
				PRODUCT_NAME = "$(TARGET_NAME)";
				SDKROOT = iphoneos;
				SKIP_INSTALL = YES;
				STRING_CATALOG_GENERATE_SYMBOLS = YES;
				SWIFT_APPROACHABLE_CONCURRENCY = YES;
				SWIFT_EMIT_LOC_STRINGS = YES;
				SWIFT_UPCOMING_FEATURE_MEMBER_IMPORT_VISIBILITY = YES;
				SWIFT_VERSION = 5.0;
				TARGETED_DEVICE_FAMILY = "1,2";
				VALIDATE_PRODUCT = YES;
			};
			name = Release;
		};
		1CDEBE2D2F647C03000C2DE1 /* Debug */ = {
			isa = XCBuildConfiguration;
			buildSettings = {
				ALWAYS_SEARCH_USER_PATHS = NO;
				ASSETCATALOG_COMPILER_GENERATE_SWIFT_ASSET_SYMBOL_EXTENSIONS = YES;
				CLANG_ANALYZER_NONNULL = YES;
				CLANG_ANALYZER_NUMBER_OBJECT_CONVERSION = YES_AGGRESSIVE;
				CLANG_CXX_LANGUAGE_STANDARD = "gnu++20";
				CLANG_ENABLE_MODULES = YES;
				CLANG_ENABLE_OBJC_ARC = YES;
				CLANG_ENABLE_OBJC_WEAK = YES;
				CLANG_WARN_BLOCK_CAPTURE_AUTORELEASING = YES;
				CLANG_WARN_BOOL_CONVERSION = YES;
				CLANG_WARN_COMMA = YES;
				CLANG_WARN_CONSTANT_CONVERSION = YES;
				CLANG_WARN_DEPRECATED_OBJC_IMPLEMENTATIONS = YES;
				CLANG_WARN_DIRECT_OBJC_ISA_USAGE = YES_ERROR;
				CLANG_WARN_DOCUMENTATION_COMMENTS = YES;
				CLANG_WARN_EMPTY_BODY = YES;
				CLANG_WARN_ENUM_CONVERSION = YES;
				CLANG_WARN_INFINITE_RECURSION = YES;
				CLANG_WARN_INT_CONVERSION = YES;
				CLANG_WARN_NON_LITERAL_NULL_CONVERSION = YES;
				CLANG_WARN_OBJC_IMPLICIT_RETAIN_SELF = YES;
				CLANG_WARN_OBJC_LITERAL_CONVERSION = YES;
				CLANG_WARN_OBJC_ROOT_CLASS = YES_ERROR;
				CLANG_WARN_QUOTED_INCLUDE_IN_FRAMEWORK_HEADER = YES;
				CLANG_WARN_RANGE_LOOP_ANALYSIS = YES;
				CLANG_WARN_STRICT_PROTOTYPES = YES;
				CLANG_WARN_SUSPICIOUS_MOVE = YES;
				CLANG_WARN_UNGUARDED_AVAILABILITY = YES_AGGRESSIVE;
				CLANG_WARN_UNREACHABLE_CODE = YES;
				CLANG_WARN__DUPLICATE_METHOD_MATCH = YES;
				COPY_PHASE_STRIP = NO;
				DEBUG_INFORMATION_FORMAT = dwarf;
				DEVELOPMENT_TEAM = 8PJXZ54783;
				ENABLE_STRICT_OBJC_MSGSEND = YES;
				ENABLE_TESTABILITY = YES;
				ENABLE_USER_SCRIPT_SANDBOXING = YES;
				GCC_C_LANGUAGE_STANDARD = gnu17;
				GCC_DYNAMIC_NO_PIC = NO;
				GCC_NO_COMMON_BLOCKS = YES;
				GCC_OPTIMIZATION_LEVEL = 0;
				GCC_PREPROCESSOR_DEFINITIONS = (
					"DEBUG=1",
					"$(inherited)",
				);
				GCC_WARN_64_TO_32_BIT_CONVERSION = YES;
				GCC_WARN_ABOUT_RETURN_TYPE = YES_ERROR;
				GCC_WARN_UNDECLARED_SELECTOR = YES;
				GCC_WARN_UNINITIALIZED_AUTOS = YES_AGGRESSIVE;
				GCC_WARN_UNUSED_FUNCTION = YES;
				GCC_WARN_UNUSED_VARIABLE = YES;
				LOCALIZATION_PREFERS_STRING_CATALOGS = YES;
				MTL_ENABLE_DEBUG_INFO = INCLUDE_SOURCE;
				MTL_FAST_MATH = YES;
				ONLY_ACTIVE_ARCH = YES;
				SWIFT_ACTIVE_COMPILATION_CONDITIONS = "DEBUG $(inherited)";
				SWIFT_OPTIMIZATION_LEVEL = "-Onone";
			};
			name = Debug;
		};
		1CDEBE2E2F647C03000C2DE1 /* Release */ = {
			isa = XCBuildConfiguration;
			buildSettings = {
				ALWAYS_SEARCH_USER_PATHS = NO;
				ASSETCATALOG_COMPILER_GENERATE_SWIFT_ASSET_SYMBOL_EXTENSIONS = YES;
				CLANG_ANALYZER_NONNULL = YES;
				CLANG_ANALYZER_NUMBER_OBJECT_CONVERSION = YES_AGGRESSIVE;
				CLANG_CXX_LANGUAGE_STANDARD = "gnu++20";
				CLANG_ENABLE_MODULES = YES;
				CLANG_ENABLE_OBJC_ARC = YES;
				CLANG_ENABLE_OBJC_WEAK = YES;
				CLANG_WARN_BLOCK_CAPTURE_AUTORELEASING = YES;
				CLANG_WARN_BOOL_CONVERSION = YES;
				CLANG_WARN_COMMA = YES;
				CLANG_WARN_CONSTANT_CONVERSION = YES;
				CLANG_WARN_DEPRECATED_OBJC_IMPLEMENTATIONS = YES;
				CLANG_WARN_DIRECT_OBJC_ISA_USAGE = YES_ERROR;
				CLANG_WARN_DOCUMENTATION_COMMENTS = YES;
				CLANG_WARN_EMPTY_BODY = YES;
				CLANG_WARN_ENUM_CONVERSION = YES;
				CLANG_WARN_INFINITE_RECURSION = YES;
				CLANG_WARN_INT_CONVERSION = YES;
				CLANG_WARN_NON_LITERAL_NULL_CONVERSION = YES;
				CLANG_WARN_OBJC_IMPLICIT_RETAIN_SELF = YES;
				CLANG_WARN_OBJC_LITERAL_CONVERSION = YES;
				CLANG_WARN_OBJC_ROOT_CLASS = YES_ERROR;
				CLANG_WARN_QUOTED_INCLUDE_IN_FRAMEWORK_HEADER = YES;
				CLANG_WARN_RANGE_LOOP_ANALYSIS = YES;
				CLANG_WARN_STRICT_PROTOTYPES = YES;
				CLANG_WARN_SUSPICIOUS_MOVE = YES;
				CLANG_WARN_UNGUARDED_AVAILABILITY = YES_AGGRESSIVE;
				CLANG_WARN_UNREACHABLE_CODE = YES;
				CLANG_WARN__DUPLICATE_METHOD_MATCH = YES;
				COPY_PHASE_STRIP = NO;
				DEBUG_INFORMATION_FORMAT = "dwarf-with-dsym";
				DEVELOPMENT_TEAM = 8PJXZ54783;
				ENABLE_NS_ASSERTIONS = NO;
				ENABLE_STRICT_OBJC_MSGSEND = YES;
				ENABLE_USER_SCRIPT_SANDBOXING = YES;
				GCC_C_LANGUAGE_STANDARD = gnu17;
				GCC_NO_COMMON_BLOCKS = YES;
				GCC_WARN_64_TO_32_BIT_CONVERSION = YES;
				GCC_WARN_ABOUT_RETURN_TYPE = YES_ERROR;
				GCC_WARN_UNDECLARED_SELECTOR = YES;
				GCC_WARN_UNINITIALIZED_AUTOS = YES_AGGRESSIVE;
				GCC_WARN_UNUSED_FUNCTION = YES;
				GCC_WARN_UNUSED_VARIABLE = YES;
				LOCALIZATION_PREFERS_STRING_CATALOGS = YES;
				MTL_ENABLE_DEBUG_INFO = NO;
				MTL_FAST_MATH = YES;
				SWIFT_COMPILATION_MODE = wholemodule;
			};
			name = Release;
		};
		1CDEBE302F647C03000C2DE1 /* Debug */ = {
			isa = XCBuildConfiguration;
			buildSettings = {
				ASSETCATALOG_COMPILER_APPICON_NAME = AppIcon;
				ASSETCATALOG_COMPILER_GLOBAL_ACCENT_COLOR_NAME = AccentColor;
				CODE_SIGN_IDENTITY = "Apple Development";
				"CODE_SIGN_IDENTITY[sdk=macosx*]" = "Apple Development";
				CODE_SIGN_STYLE = Automatic;
				CURRENT_PROJECT_VERSION = 3;
				DEVELOPMENT_TEAM = 67AYPRFZH8;
				ENABLE_APP_SANDBOX = YES;
				ENABLE_HARDENED_RUNTIME = YES;
				ENABLE_PREVIEWS = YES;
				ENABLE_USER_SELECTED_FILES = readonly;
				GENERATE_INFOPLIST_FILE = NO;
				INFOPLIST_FILE = "SkateAppp-Info.plist";
				INFOPLIST_KEY_CFBundleDisplayName = "Street Skate";
				INFOPLIST_KEY_LSApplicationCategoryType = "public.app-category.lifestyle";
				INFOPLIST_KEY_NSHealthShareUsageDescription = "SkateFlow reads your health data to display activity metrics alongside your skating sessions.";
				INFOPLIST_KEY_NSHealthUpdateUsageDescription = "SkateFlow saves your skating workouts to Apple Health so you can track your fitness progress.";
				INFOPLIST_KEY_NSLocationAlwaysAndWhenInUseUsageDescription = "SkateFlow uses your location to track your skate session route even when the app is in the background.";
				INFOPLIST_KEY_NSLocationAlwaysUsageDescription = "SkateFlow uses your location to kepp your session open.";
				INFOPLIST_KEY_NSLocationUsageDescription = "Street Skate uses your location to keep your sessions open";
				INFOPLIST_KEY_NSLocationWhenInUseUsageDescription = "SkateFlow uses your location to track your skate session route and find nearby skate spots.";
				INFOPLIST_KEY_NSMotionUsageDescription = "SkateFlow uses motion data to count your pushes and detect skating activity.";
				"INFOPLIST_KEY_UIApplicationSceneManifest_Generation[sdk=iphoneos*]" = YES;
				"INFOPLIST_KEY_UIApplicationSceneManifest_Generation[sdk=iphonesimulator*]" = YES;
				"INFOPLIST_KEY_UIApplicationSupportsIndirectInputEvents[sdk=iphoneos*]" = YES;
				"INFOPLIST_KEY_UIApplicationSupportsIndirectInputEvents[sdk=iphonesimulator*]" = YES;
				"INFOPLIST_KEY_UILaunchScreen_Generation[sdk=iphoneos*]" = YES;
				"INFOPLIST_KEY_UILaunchScreen_Generation[sdk=iphonesimulator*]" = YES;
				"INFOPLIST_KEY_UIStatusBarStyle[sdk=iphoneos*]" = UIStatusBarStyleDefault;
				"INFOPLIST_KEY_UIStatusBarStyle[sdk=iphonesimulator*]" = UIStatusBarStyleDefault;
				INFOPLIST_KEY_UISupportedInterfaceOrientations_iPad = "UIInterfaceOrientationPortrait UIInterfaceOrientationPortraitUpsideDown UIInterfaceOrientationLandscapeLeft UIInterfaceOrientationLandscapeRight";
				INFOPLIST_KEY_UISupportedInterfaceOrientations_iPhone = "UIInterfaceOrientationPortrait UIInterfaceOrientationLandscapeLeft UIInterfaceOrientationLandscapeRight";
				IPHONEOS_DEPLOYMENT_TARGET = 26.1;
				LD_RUNPATH_SEARCH_PATHS = "@executable_path/Frameworks";
				"LD_RUNPATH_SEARCH_PATHS[sdk=macosx*]" = "@executable_path/../Frameworks";
				MACOSX_DEPLOYMENT_TARGET = 26.1;
				MARKETING_VERSION = 1.0;
				PRODUCT_BUNDLE_IDENTIFIER = "br.puc-rio.ecoa.lorran.streetskate";
				PRODUCT_NAME = "$(TARGET_NAME)";
				PROVISIONING_PROFILE_SPECIFIER = "";
				REGISTER_APP_GROUPS = YES;
				SDKROOT = auto;
				STRING_CATALOG_GENERATE_SYMBOLS = YES;
				SUPPORTED_PLATFORMS = "iphoneos iphonesimulator macosx xros xrsimulator";
				SWIFT_APPROACHABLE_CONCURRENCY = YES;
				SWIFT_DEFAULT_ACTOR_ISOLATION = MainActor;
				SWIFT_EMIT_LOC_STRINGS = YES;
				SWIFT_UPCOMING_FEATURE_MEMBER_IMPORT_VISIBILITY = YES;
				SWIFT_VERSION = 5.0;
				TARGETED_DEVICE_FAMILY = "1,2,7";
				XROS_DEPLOYMENT_TARGET = 26.1;
			};
			name = Debug;
		};
		1CDEBE312F647C03000C2DE1 /* Release */ = {
			isa = XCBuildConfiguration;
			buildSettings = {
				ASSETCATALOG_COMPILER_APPICON_NAME = AppIcon;
				ASSETCATALOG_COMPILER_GLOBAL_ACCENT_COLOR_NAME = AccentColor;
				CODE_SIGN_ENTITLEMENTS = Utilities/SkateApDebug.entitlements;
				CODE_SIGN_STYLE = Automatic;
				CURRENT_PROJECT_VERSION = 3;
				DEVELOPMENT_TEAM = 67AYPRFZH8;
				ENABLE_APP_SANDBOX = YES;
				ENABLE_HARDENED_RUNTIME = YES;
				ENABLE_PREVIEWS = YES;
				ENABLE_USER_SELECTED_FILES = readonly;
				GENERATE_INFOPLIST_FILE = NO;
				INFOPLIST_FILE = "SkateAppp-Info.plist";
				INFOPLIST_KEY_CFBundleDisplayName = "Street Skate";
				INFOPLIST_KEY_LSApplicationCategoryType = "public.app-category.lifestyle";
				INFOPLIST_KEY_NSHealthShareUsageDescription = "SkateFlow reads your health data to display activity metrics alongside your skating sessions.";
				INFOPLIST_KEY_NSHealthUpdateUsageDescription = "SkateFlow saves your skating workouts to Apple Health so you can track your fitness progress.";
				INFOPLIST_KEY_NSLocationAlwaysAndWhenInUseUsageDescription = "SkateFlow uses your location to track your skate session route even when the app is in the background.";
				INFOPLIST_KEY_NSLocationAlwaysUsageDescription = "SkateFlow uses your location to kepp your session open.";
				INFOPLIST_KEY_NSLocationUsageDescription = "Street Skate uses your location to keep your sessions open";
				INFOPLIST_KEY_NSLocationWhenInUseUsageDescription = "SkateFlow uses your location to track your skate session route and find nearby skate spots.";
				INFOPLIST_KEY_NSMotionUsageDescription = "SkateFlow uses motion data to count your pushes and detect skating activity.";
				"INFOPLIST_KEY_UIApplicationSceneManifest_Generation[sdk=iphoneos*]" = YES;
				"INFOPLIST_KEY_UIApplicationSceneManifest_Generation[sdk=iphonesimulator*]" = YES;
				"INFOPLIST_KEY_UIApplicationSupportsIndirectInputEvents[sdk=iphoneos*]" = YES;
				"INFOPLIST_KEY_UIApplicationSupportsIndirectInputEvents[sdk=iphonesimulator*]" = YES;
				"INFOPLIST_KEY_UILaunchScreen_Generation[sdk=iphoneos*]" = YES;
				"INFOPLIST_KEY_UILaunchScreen_Generation[sdk=iphonesimulator*]" = YES;
				"INFOPLIST_KEY_UIStatusBarStyle[sdk=iphoneos*]" = UIStatusBarStyleDefault;
				"INFOPLIST_KEY_UIStatusBarStyle[sdk=iphonesimulator*]" = UIStatusBarStyleDefault;
				INFOPLIST_KEY_UISupportedInterfaceOrientations_iPad = "UIInterfaceOrientationPortrait UIInterfaceOrientationPortraitUpsideDown UIInterfaceOrientationLandscapeLeft UIInterfaceOrientationLandscapeRight";
				INFOPLIST_KEY_UISupportedInterfaceOrientations_iPhone = "UIInterfaceOrientationPortrait UIInterfaceOrientationLandscapeLeft UIInterfaceOrientationLandscapeRight";
				IPHONEOS_DEPLOYMENT_TARGET = 26.1;
				LD_RUNPATH_SEARCH_PATHS = "@executable_path/Frameworks";
				"LD_RUNPATH_SEARCH_PATHS[sdk=macosx*]" = "@executable_path/../Frameworks";
				MACOSX_DEPLOYMENT_TARGET = 26.1;
				MARKETING_VERSION = 1.0;
				PRODUCT_BUNDLE_IDENTIFIER = "br.puc-rio.ecoa.lorran.streetskate";
				PRODUCT_NAME = "$(TARGET_NAME)";
				REGISTER_APP_GROUPS = YES;
				SDKROOT = auto;
				STRING_CATALOG_GENERATE_SYMBOLS = YES;
				SUPPORTED_PLATFORMS = "iphoneos iphonesimulator macosx xros xrsimulator";
				SWIFT_APPROACHABLE_CONCURRENCY = YES;
				SWIFT_DEFAULT_ACTOR_ISOLATION = MainActor;
				SWIFT_EMIT_LOC_STRINGS = YES;
				SWIFT_UPCOMING_FEATURE_MEMBER_IMPORT_VISIBILITY = YES;
				SWIFT_VERSION = 5.0;
				TARGETED_DEVICE_FAMILY = "1,2,7";
				XROS_DEPLOYMENT_TARGET = 26.1;
			};
			name = Release;
		};
/* End XCBuildConfiguration section */

/* Begin XCConfigurationList section */
		1C03BFFA2F75D1A700520C5D /* Build configuration list for PBXNativeTarget "StreetSkateWidgetExtensionExtension" */ = {
			isa = XCConfigurationList;
			buildConfigurations = (
				1C03BFFB2F75D1A700520C5D /* Debug */,
				1C03BFFC2F75D1A700520C5D /* Release */,
			);
			defaultConfigurationIsVisible = 0;
			defaultConfigurationName = Release;
		};
		1CDEBE1F2F647C03000C2DE1 /* Build configuration list for PBXProject "StreetSkate" */ = {
			isa = XCConfigurationList;
			buildConfigurations = (
				1CDEBE2D2F647C03000C2DE1 /* Debug */,
				1CDEBE2E2F647C03000C2DE1 /* Release */,
			);
			defaultConfigurationIsVisible = 0;
			defaultConfigurationName = Release;
		};
		1CDEBE2F2F647C03000C2DE1 /* Build configuration list for PBXNativeTarget "SkateAppp" */ = {
			isa = XCConfigurationList;
			buildConfigurations = (
				1CDEBE302F647C03000C2DE1 /* Debug */,
				1CDEBE312F647C03000C2DE1 /* Release */,
			);
			defaultConfigurationIsVisible = 0;
			defaultConfigurationName = Release;
		};
/* End XCConfigurationList section */
	};
	rootObject = 1CDEBE1C2F647C03000C2DE1 /* Project object */;
}
